
Microsoft Visual Studio Solution File, Format Version 11.00
# Visual Studio 2010
Project("{FAE04EC0-301F-11D3-BF4B-00C04F79EFBC}") = "Assembly-CSharp", "Assembly-CSharp.csproj", "{27F1CBBE-1010-2D4C-1E1A-27A02EA85E1D}"
EndProject
Global
	GlobalSection(SolutionConfigurationPlatforms) = preSolution
		Debug|Any CPU = Debug|Any CPU
		Release|Any CPU = Release|Any CPU
	EndGlobalSection
	GlobalSection(ProjectConfigurationPlatforms) = postSolution
		{27F1CBBE-1010-2D4C-1E1A-27A02EA85E1D}.Debug|Any CPU.ActiveCfg = Debug|Any CPU
		{27F1CBBE-1010-2D4C-1E1A-27A02EA85E1D}.Debug|Any CPU.Build.0 = Debug|Any CPU
		{27F1CBBE-1010-2D4C-1E1A-27A02EA85E1D}.Release|Any CPU.ActiveCfg = Release|Any CPU
		{27F1CBBE-1010-2D4C-1E1A-27A02EA85E1D}.Release|Any CPU.Build.0 = Release|Any CPU
	EndGlobalSection
	GlobalSection(SolutionProperties) = preSolution
		HideSolutionNode = FALSE
	EndGlobalSection
EndGlobal
